// !$*UTF8*$!
{
	archiveVersion = 1;
	classes = {
	};
	objectVersion = 56;
	objects = {

/* Begin PBXBuildFile section */
		3220E3D12C46652300950860 /* Alamofire in Frameworks */ = {isa = PBXBuildFile; productRef = 3220E3D02C46652300950860 /* Alamofire */; };
		324DBD6E2C56706300FF4FA8 /* RecipeDetailView.swift in Sources */ = {isa = PBXBuildFile; fileRef = 324DBD6D2C56706300FF4FA8 /* RecipeDetailView.swift */; };
		324DBD712C567E6E00FF4FA8 /* Lottie in Frameworks */ = {isa = PBXBuildFile; productRef = 324DBD702C567E6E00FF4FA8 /* Lottie */; };
		32B448F72C411C4C007B9651 /* TastyApp.swift in Sources */ = {isa = PBXBuildFile; fileRef = 32B448F62C411C4C007B9651 /* TastyApp.swift */; };
		32B448F92C411C4C007B9651 /* ContentView.swift in Sources */ = {isa = PBXBuildFile; fileRef = 32B448F82C411C4C007B9651 /* ContentView.swift */; };
		32B448FB2C411C4D007B9651 /* Assets.xcassets in Resources */ = {isa = PBXBuildFile; fileRef = 32B448FA2C411C4D007B9651 /* Assets.xcassets */; };
		32B448FE2C411C4D007B9651 /* Preview Assets.xcassets in Resources */ = {isa = PBXBuildFile; fileRef = 32B448FD2C411C4D007B9651 /* Preview Assets.xcassets */; };
		32B449082C411D01007B9651 /* Recipe.swift in Sources */ = {isa = PBXBuildFile; fileRef = 32B449072C411D01007B9651 /* Recipe.swift */; };
		32B4490A2C411D2C007B9651 /* RecipeDetail.swift in Sources */ = {isa = PBXBuildFile; fileRef = 32B449092C411D2C007B9651 /* RecipeDetail.swift */; };
		32B449112C411F3C007B9651 /* NetworkManager.swift in Sources */ = {isa = PBXBuildFile; fileRef = 32B449102C411F3C007B9651 /* NetworkManager.swift */; };
		32B449152C41254D007B9651 /* IngredientView.swift in Sources */ = {isa = PBXBuildFile; fileRef = 32B449142C41254D007B9651 /* IngredientView.swift */; };
		32B449182C412572007B9651 /* RecipeResultsView.swift in Sources */ = {isa = PBXBuildFile; fileRef = 32B449172C412572007B9651 /* RecipeResultsView.swift */; };
		32BD684A2C497161009C7845 /* RecipeCard.swift in Sources */ = {isa = PBXBuildFile; fileRef = 32BD68492C497161009C7845 /* RecipeCard.swift */; };
		32BD684C2C4977CC009C7845 /* BookmarkView.swift in Sources */ = {isa = PBXBuildFile; fileRef = 32BD684B2C4977CC009C7845 /* BookmarkView.swift */; };
		32BD684F2C497A77009C7845 /* MainView.swift in Sources */ = {isa = PBXBuildFile; fileRef = 32BD684E2C497A77009C7845 /* MainView.swift */; };
/* End PBXBuildFile section */

/* Begin PBXCopyFilesBuildPhase section */
		3220E3CC2C46634A00950860 /* Embed Frameworks */ = {
			isa = PBXCopyFilesBuildPhase;
			buildActionMask = 2147483647;
			dstPath = "";
			dstSubfolderSpec = 10;
			files = (
			);
			name = "Embed Frameworks";
			runOnlyForDeploymentPostprocessing = 0;
		};
/* End PBXCopyFilesBuildPhase section */

/* Begin PBXFileReference section */
		324DBD6D2C56706300FF4FA8 /* RecipeDetailView.swift */ = {isa = PBXFileReference; lastKnownFileType = sourcecode.swift; path = RecipeDetailView.swift; sourceTree = "<group>"; };
		32B448F32C411C4C007B9651 /* Tasty.app */ = {isa = PBXFileReference; explicitFileType = wrapper.application; includeInIndex = 0; path = Tasty.app; sourceTree = BUILT_PRODUCTS_DIR; };
		32B448F62C411C4C007B9651 /* TastyApp.swift */ = {isa = PBXFileReference; lastKnownFileType = sourcecode.swift; path = TastyApp.swift; sourceTree = "<group>"; };
		32B448F82C411C4C007B9651 /* ContentView.swift */ = {isa = PBXFileReference; lastKnownFileType = sourcecode.swift; path = ContentView.swift; sourceTree = "<group>"; };
		32B448FA2C411C4D007B9651 /* Assets.xcassets */ = {isa = PBXFileReference; lastKnownFileType = folder.assetcatalog; path = Assets.xcassets; sourceTree = "<group>"; };
		32B448FD2C411C4D007B9651 /* Preview Assets.xcassets */ = {isa = PBXFileReference; lastKnownFileType = folder.assetcatalog; path = "Preview Assets.xcassets"; sourceTree = "<group>"; };
		32B449072C411D01007B9651 /* Recipe.swift */ = {isa = PBXFileReference; lastKnownFileType = sourcecode.swift; path = Recipe.swift; sourceTree = "<group>"; };
		32B449092C411D2C007B9651 /* RecipeDetail.swift */ = {isa = PBXFileReference; lastKnownFileType = sourcecode.swift; path = RecipeDetail.swift; sourceTree = "<group>"; };
		32B449102C411F3C007B9651 /* NetworkManager.swift */ = {isa = PBXFileReference; lastKnownFileType = sourcecode.swift; path = NetworkManager.swift; sourceTree = "<group>"; };
		32B449142C41254D007B9651 /* IngredientView.swift */ = {isa = PBXFileReference; lastKnownFileType = sourcecode.swift; path = IngredientView.swift; sourceTree = "<group>"; };
		32B449172C412572007B9651 /* RecipeResultsView.swift */ = {isa = PBXFileReference; lastKnownFileType = sourcecode.swift; path = RecipeResultsView.swift; sourceTree = "<group>"; };
		32BD68492C497161009C7845 /* RecipeCard.swift */ = {isa = PBXFileReference; lastKnownFileType = sourcecode.swift; path = RecipeCard.swift; sourceTree = "<group>"; };
		32BD684B2C4977CC009C7845 /* BookmarkView.swift */ = {isa = PBXFileReference; lastKnownFileType = sourcecode.swift; path = BookmarkView.swift; sourceTree = "<group>"; };
		32BD684E2C497A77009C7845 /* MainView.swift */ = {isa = PBXFileReference; lastKnownFileType = sourcecode.swift; path = MainView.swift; sourceTree = "<group>"; };
/* End PBXFileReference section */

/* Begin PBXFrameworksBuildPhase section */
		32B448F02C411C4C007B9651 /* Frameworks */ = {
			isa = PBXFrameworksBuildPhase;
			buildActionMask = 2147483647;
			files = (
				3220E3D12C46652300950860 /* Alamofire in Frameworks */,
				324DBD712C567E6E00FF4FA8 /* Lottie in Frameworks */,
			);
			runOnlyForDeploymentPostprocessing = 0;
		};
/* End PBXFrameworksBuildPhase section */

/* Begin PBXGroup section */
		32B448EA2C411C4C007B9651 = {
			isa = PBXGroup;
			children = (
				32B448F52C411C4C007B9651 /* Tasty */,
				32B448F42C411C4C007B9651 /* Products */,
			);
			sourceTree = "<group>";
		};
		32B448F42C411C4C007B9651 /* Products */ = {
			isa = PBXGroup;
			children = (
				32B448F32C411C4C007B9651 /* Tasty.app */,
			);
			name = Products;
			sourceTree = "<group>";
		};
		32B448F52C411C4C007B9651 /* Tasty */ = {
			isa = PBXGroup;
			children = (
				32B449062C411CDD007B9651 /* Controllers */,
				32B449052C411CD6007B9651 /* Views */,
				32B449042C411CD0007B9651 /* Models */,
				32B448F62C411C4C007B9651 /* TastyApp.swift */,
				32B448F82C411C4C007B9651 /* ContentView.swift */,
				32B448FA2C411C4D007B9651 /* Assets.xcassets */,
				32B448FC2C411C4D007B9651 /* Preview Content */,
			);
			path = Tasty;
			sourceTree = "<group>";
		};
		32B448FC2C411C4D007B9651 /* Preview Content */ = {
			isa = PBXGroup;
			children = (
				32B448FD2C411C4D007B9651 /* Preview Assets.xcassets */,
			);
			path = "Preview Content";
			sourceTree = "<group>";
		};
		32B449042C411CD0007B9651 /* Models */ = {
			isa = PBXGroup;
			children = (
				32B449072C411D01007B9651 /* Recipe.swift */,
				32B449092C411D2C007B9651 /* RecipeDetail.swift */,
			);
			path = Models;
			sourceTree = "<group>";
		};
		32B449052C411CD6007B9651 /* Views */ = {
			isa = PBXGroup;
			children = (
				32B449142C41254D007B9651 /* IngredientView.swift */,
				32B449172C412572007B9651 /* RecipeResultsView.swift */,
				32BD68492C497161009C7845 /* RecipeCard.swift */,
				32BD684B2C4977CC009C7845 /* BookmarkView.swift */,
				32BD684E2C497A77009C7845 /* MainView.swift */,
				324DBD6D2C56706300FF4FA8 /* RecipeDetailView.swift */,
			);
			path = Views;
			sourceTree = "<group>";
		};
		32B449062C411CDD007B9651 /* Controllers */ = {
			isa = PBXGroup;
			children = (
				32B449102C411F3C007B9651 /* NetworkManager.swift */,
			);
			path = Controllers;
			sourceTree = "<group>";
		};
/* End PBXGroup section */

/* Begin PBXNativeTarget section */
		32B448F22C411C4C007B9651 /* Tasty */ = {
			isa = PBXNativeTarget;
			buildConfigurationList = 32B449012C411C4D007B9651 /* Build configuration list for PBXNativeTarget "Tasty" */;
			buildPhases = (
				32B448EF2C411C4C007B9651 /* Sources */,
				32B448F02C411C4C007B9651 /* Frameworks */,
				32B448F12C411C4C007B9651 /* Resources */,
				3220E3CC2C46634A00950860 /* Embed Frameworks */,
			);
			buildRules = (
			);
			dependencies = (
			);
			name = Tasty;
			packageProductDependencies = (
				3220E3D02C46652300950860 /* Alamofire */,
				324DBD702C567E6E00FF4FA8 /* Lottie */,
			);
			productName = Tasty;
			productReference = 32B448F32C411C4C007B9651 /* Tasty.app */;
			productType = "com.apple.product-type.application";
		};
/* End PBXNativeTarget section */

/* Begin PBXProject section */
		32B448EB2C411C4C007B9651 /* Project object */ = {
			isa = PBXProject;
			attributes = {
				BuildIndependentTargetsInParallel = 1;
				LastSwiftUpdateCheck = 1520;
				LastUpgradeCheck = 1520;
				TargetAttributes = {
					32B448F22C411C4C007B9651 = {
						CreatedOnToolsVersion = 15.2;
					};
				};
			};
			buildConfigurationList = 32B448EE2C411C4C007B9651 /* Build configuration list for PBXProject "Tasty" */;
			compatibilityVersion = "Xcode 14.0";
			developmentRegion = en;
			hasScannedForEncodings = 0;
			knownRegions = (
				en,
				Base,
			);
			mainGroup = 32B448EA2C411C4C007B9651;
			packageReferences = (
				3220E3CF2C46652300950860 /* XCRemoteSwiftPackageReference "Alamofire" */,
				324DBD6F2C567E6D00FF4FA8 /* XCRemoteSwiftPackageReference "lottie-spm" */,
			);
			productRefGroup = 32B448F42C411C4C007B9651 /* Products */;
			projectDirPath = "";
			projectRoot = "";
			targets = (
				32B448F22C411C4C007B9651 /* Tasty */,
			);
		};
/* End PBXProject section */

/* Begin PBXResourcesBuildPhase section */
		32B448F12C411C4C007B9651 /* Resources */ = {
			isa = PBXResourcesBuildPhase;
			buildActionMask = 2147483647;
			files = (
				32B448FE2C411C4D007B9651 /* Preview Assets.xcassets in Resources */,
				32B448FB2C411C4D007B9651 /* Assets.xcassets in Resources */,
			);
			runOnlyForDeploymentPostprocessing = 0;
		};
/* End PBXResourcesBuildPhase section */

/* Begin PBXSourcesBuildPhase section */
		32B448EF2C411C4C007B9651 /* Sources */ = {
			isa = PBXSourcesBuildPhase;
			buildActionMask = 2147483647;
			files = (
				32BD684C2C4977CC009C7845 /* BookmarkView.swift in Sources */,
				32B4490A2C411D2C007B9651 /* RecipeDetail.swift in Sources */,
				32B449082C411D01007B9651 /* Recipe.swift in Sources */,
				32BD684F2C497A77009C7845 /* MainView.swift in Sources */,
				32B449182C412572007B9651 /* RecipeResultsView.swift in Sources */,
				32B449112C411F3C007B9651 /* NetworkManager.swift in Sources */,
				32B449152C41254D007B9651 /* IngredientView.swift in Sources */,
				324DBD6E2C56706300FF4FA8 /* RecipeDetailView.swift in Sources */,
				32BD684A2C497161009C7845 /* RecipeCard.swift in Sources */,
				32B448F92C411C4C007B9651 /* ContentView.swift in Sources */,
				32B448F72C411C4C007B9651 /* TastyApp.swift in Sources */,
			);
			runOnlyForDeploymentPostprocessing = 0;
		};
/* End PBXSourcesBuildPhase section */

/* Begin XCBuildConfiguration section */
		32B448FF2C411C4D007B9651 /* Debug */ = {
			isa = XCBuildConfiguration;
			buildSettings = {
				ALWAYS_SEARCH_USER_PATHS = NO;
				ASSETCATALOG_COMPILER_GENERATE_SWIFT_ASSET_SYMBOL_EXTENSIONS = YES;
				CLANG_ANALYZER_NONNULL = YES;
				CLANG_ANALYZER_NUMBER_OBJECT_CONVERSION = YES_AGGRESSIVE;
				CLANG_CXX_LANGUAGE_STANDARD = "gnu++20";
				CLANG_ENABLE_MODULES = YES;
				CLANG_ENABLE_OBJC_ARC = YES;
				CLANG_ENABLE_OBJC_WEAK = YES;
				CLANG_WARN_BLOCK_CAPTURE_AUTORELEASING = YES;
				CLANG_WARN_BOOL_CONVERSION = YES;
				CLANG_WARN_COMMA = YES;
				CLANG_WARN_CONSTANT_CONVERSION = YES;
				CLANG_WARN_DEPRECATED_OBJC_IMPLEMENTATIONS = YES;
				CLANG_WARN_DIRECT_OBJC_ISA_USAGE = YES_ERROR;
				CLANG_WARN_DOCUMENTATION_COMMENTS = YES;
				CLANG_WARN_EMPTY_BODY = YES;
				CLANG_WARN_ENUM_CONVERSION = YES;
				CLANG_WARN_INFINITE_RECURSION = YES;
				CLANG_WARN_INT_CONVERSION = YES;
				CLANG_WARN_NON_LITERAL_NULL_CONVERSION = YES;
				CLANG_WARN_OBJC_IMPLICIT_RETAIN_SELF = YES;
				CLANG_WARN_OBJC_LITERAL_CONVERSION = YES;
				CLANG_WARN_OBJC_ROOT_CLASS = YES_ERROR;
				CLANG_WARN_QUOTED_INCLUDE_IN_FRAMEWORK_HEADER = YES;
				CLANG_WARN_RANGE_LOOP_ANALYSIS = YES;
				CLANG_WARN_STRICT_PROTOTYPES = YES;
				CLANG_WARN_SUSPICIOUS_MOVE = YES;
				CLANG_WARN_UNGUARDED_AVAILABILITY = YES_AGGRESSIVE;
				CLANG_WARN_UNREACHABLE_CODE = YES;
				CLANG_WARN__DUPLICATE_METHOD_MATCH = YES;
				COPY_PHASE_STRIP = NO;
				DEBUG_INFORMATION_FORMAT = dwarf;
				ENABLE_STRICT_OBJC_MSGSEND = YES;
				ENABLE_TESTABILITY = YES;
				ENABLE_USER_SCRIPT_SANDBOXING = YES;
				GCC_C_LANGUAGE_STANDARD = gnu17;
				GCC_DYNAMIC_NO_PIC = NO;
				GCC_NO_COMMON_BLOCKS = YES;
				GCC_OPTIMIZATION_LEVEL = 0;
				GCC_PREPROCESSOR_DEFINITIONS = (
					"DEBUG=1",
					"$(inherited)",
				);
				GCC_WARN_64_TO_32_BIT_CONVERSION = YES;
				GCC_WARN_ABOUT_RETURN_TYPE = YES_ERROR;
				GCC_WARN_UNDECLARED_SELECTOR = YES;
				GCC_WARN_UNINITIALIZED_AUTOS = YES_AGGRESSIVE;
				GCC_WARN_UNUSED_FUNCTION = YES;
				GCC_WARN_UNUSED_VARIABLE = YES;
				IPHONEOS_DEPLOYMENT_TARGET = 17.2;
				LOCALIZATION_PREFERS_STRING_CATALOGS = YES;
				MTL_ENABLE_DEBUG_INFO = INCLUDE_SOURCE;
				MTL_FAST_MATH = YES;
				ONLY_ACTIVE_ARCH = YES;
				SDKROOT = iphoneos;
				SWIFT_ACTIVE_COMPILATION_CONDITIONS = "DEBUG $(inherited)";
				SWIFT_OPTIMIZATION_LEVEL = "-Onone";
			};
			name = Debug;
		};
		32B449002C411C4D007B9651 /* Release */ = {
			isa = XCBuildConfiguration;
			buildSettings = {
				ALWAYS_SEARCH_USER_PATHS = NO;
				ASSETCATALOG_COMPILER_GENERATE_SWIFT_ASSET_SYMBOL_EXTENSIONS = YES;
				CLANG_ANALYZER_NONNULL = YES;
				CLANG_ANALYZER_NUMBER_OBJECT_CONVERSION = YES_AGGRESSIVE;
				CLANG_CXX_LANGUAGE_STANDARD = "gnu++20";
				CLANG_ENABLE_MODULES = YES;
				CLANG_ENABLE_OBJC_ARC = YES;
				CLANG_ENABLE_OBJC_WEAK = YES;
				CLANG_WARN_BLOCK_CAPTURE_AUTORELEASING = YES;
				CLANG_WARN_BOOL_CONVERSION = YES;
				CLANG_WARN_COMMA = YES;
				CLANG_WARN_CONSTANT_CONVERSION = YES;
				CLANG_WARN_DEPRECATED_OBJC_IMPLEMENTATIONS = YES;
				CLANG_WARN_DIRECT_OBJC_ISA_USAGE = YES_ERROR;
				CLANG_WARN_DOCUMENTATION_COMMENTS = YES;
				CLANG_WARN_EMPTY_BODY = YES;
				CLANG_WARN_ENUM_CONVERSION = YES;
				CLANG_WARN_INFINITE_RECURSION = YES;
				CLANG_WARN_INT_CONVERSION = YES;
				CLANG_WARN_NON_LITERAL_NULL_CONVERSION = YES;
				CLANG_WARN_OBJC_IMPLICIT_RETAIN_SELF = YES;
				CLANG_WARN_OBJC_LITERAL_CONVERSION = YES;
				CLANG_WARN_OBJC_ROOT_CLASS = YES_ERROR;
				CLANG_WARN_QUOTED_INCLUDE_IN_FRAMEWORK_HEADER = YES;
				CLANG_WARN_RANGE_LOOP_ANALYSIS = YES;
				CLANG_WARN_STRICT_PROTOTYPES = YES;
				CLANG_WARN_SUSPICIOUS_MOVE = YES;
				CLANG_WARN_UNGUARDED_AVAILABILITY = YES_AGGRESSIVE;
				CLANG_WARN_UNREACHABLE_CODE = YES;
				CLANG_WARN__DUPLICATE_METHOD_MATCH = YES;
				COPY_PHASE_STRIP = NO;
				DEBUG_INFORMATION_FORMAT = "dwarf-with-dsym";
				ENABLE_NS_ASSERTIONS = NO;
				ENABLE_STRICT_OBJC_MSGSEND = YES;
				ENABLE_USER_SCRIPT_SANDBOXING = YES;
				GCC_C_LANGUAGE_STANDARD = gnu17;
				GCC_NO_COMMON_BLOCKS = YES;
				GCC_WARN_64_TO_32_BIT_CONVERSION = YES;
				GCC_WARN_ABOUT_RETURN_TYPE = YES_ERROR;
				GCC_WARN_UNDECLARED_SELECTOR = YES;
				GCC_WARN_UNINITIALIZED_AUTOS = YES_AGGRESSIVE;
				GCC_WARN_UNUSED_FUNCTION = YES;
				GCC_WARN_UNUSED_VARIABLE = YES;
				IPHONEOS_DEPLOYMENT_TARGET = 17.2;
				LOCALIZATION_PREFERS_STRING_CATALOGS = YES;
				MTL_ENABLE_DEBUG_INFO = NO;
				MTL_FAST_MATH = YES;
				SDKROOT = iphoneos;
				SWIFT_COMPILATION_MODE = wholemodule;
				VALIDATE_PRODUCT = YES;
			};
			name = Release;
		};
		32B449022C411C4D007B9651 /* Debug */ = {
			isa = XCBuildConfiguration;
			buildSettings = {
				ASSETCATALOG_COMPILER_APPICON_NAME = AppIcon;
				ASSETCATALOG_COMPILER_GLOBAL_ACCENT_COLOR_NAME = AccentColor;
				CODE_SIGN_STYLE = Automatic;
				CURRENT_PROJECT_VERSION = 1;
				DEVELOPMENT_ASSET_PATHS = "\"Tasty/Preview Content\"";
				DEVELOPMENT_TEAM = GGVG35XG69;
				ENABLE_PREVIEWS = YES;
				GENERATE_INFOPLIST_FILE = YES;
				INFOPLIST_KEY_UIApplicationSceneManifest_Generation = YES;
				INFOPLIST_KEY_UIApplicationSupportsIndirectInputEvents = YES;
				INFOPLIST_KEY_UILaunchScreen_Generation = YES;
				INFOPLIST_KEY_UISupportedInterfaceOrientations_iPad = "UIInterfaceOrientationPortrait UIInterfaceOrientationPortraitUpsideDown UIInterfaceOrientationLandscapeLeft UIInterfaceOrientationLandscapeRight";
				INFOPLIST_KEY_UISupportedInterfaceOrientations_iPhone = "UIInterfaceOrientationPortrait UIInterfaceOrientationLandscapeLeft UIInterfaceOrientationLandscapeRight";
				LD_RUNPATH_SEARCH_PATHS = (
					"$(inherited)",
					"@executable_path/Frameworks",
				);
				MARKETING_VERSION = 1.0;
				PRODUCT_BUNDLE_IDENTIFIER = sultan.Tasty;
				PRODUCT_NAME = "$(TARGET_NAME)";
				SWIFT_EMIT_LOC_STRINGS = YES;
				SWIFT_VERSION = 5.0;
				TARGETED_DEVICE_FAMILY = "1,2";
			};
			name = Debug;
		};
		32B449032C411C4D007B9651 /* Release */ = {
			isa = XCBuildConfiguration;
			buildSettings = {
				ASSETCATALOG_COMPILER_APPICON_NAME = AppIcon;
				ASSETCATALOG_COMPILER_GLOBAL_ACCENT_COLOR_NAME = AccentColor;
				CODE_SIGN_STYLE = Automatic;
				CURRENT_PROJECT_VERSION = 1;
				DEVELOPMENT_ASSET_PATHS = "\"Tasty/Preview Content\"";
				DEVELOPMENT_TEAM = GGVG35XG69;
				ENABLE_PREVIEWS = YES;
				GENERATE_INFOPLIST_FILE = YES;
				INFOPLIST_KEY_UIApplicationSceneManifest_Generation = YES;
				INFOPLIST_KEY_UIApplicationSupportsIndirectInputEvents = YES;
				INFOPLIST_KEY_UILaunchScreen_Generation = YES;
				INFOPLIST_KEY_UISupportedInterfaceOrientations_iPad = "UIInterfaceOrientationPortrait UIInterfaceOrientationPortraitUpsideDown UIInterfaceOrientationLandscapeLeft UIInterfaceOrientationLandscapeRight";
				INFOPLIST_KEY_UISupportedInterfaceOrientations_iPhone = "UIInterfaceOrientationPortrait UIInterfaceOrientationLandscapeLeft UIInterfaceOrientationLandscapeRight";
				LD_RUNPATH_SEARCH_PATHS = (
					"$(inherited)",
					"@executable_path/Frameworks",
				);
				MARKETING_VERSION = 1.0;
				PRODUCT_BUNDLE_IDENTIFIER = sultan.Tasty;
				PRODUCT_NAME = "$(TARGET_NAME)";
				SWIFT_EMIT_LOC_STRINGS = YES;
				SWIFT_VERSION = 5.0;
				TARGETED_DEVICE_FAMILY = "1,2";
			};
			name = Release;
		};
/* End XCBuildConfiguration section */

/* Begin XCConfigurationList section */
		32B448EE2C411C4C007B9651 /* Build configuration list for PBXProject "Tasty" */ = {
			isa = XCConfigurationList;
			buildConfigurations = (
				32B448FF2C411C4D007B9651 /* Debug */,
				32B449002C411C4D007B9651 /* Release */,
			);
			defaultConfigurationIsVisible = 0;
			defaultConfigurationName = Release;
		};
		32B449012C411C4D007B9651 /* Build configuration list for PBXNativeTarget "Tasty" */ = {
			isa = XCConfigurationList;
			buildConfigurations = (
				32B449022C411C4D007B9651 /* Debug */,
				32B449032C411C4D007B9651 /* Release */,
			);
			defaultConfigurationIsVisible = 0;
			defaultConfigurationName = Release;
		};
/* End XCConfigurationList section */

/* Begin XCRemoteSwiftPackageReference section */
		3220E3CF2C46652300950860 /* XCRemoteSwiftPackageReference "Alamofire" */ = {
			isa = XCRemoteSwiftPackageReference;
			repositoryURL = "https://github.com/Alamofire/Alamofire.git";
			requirement = {
				kind = exactVersion;
				version = 5.8.1;
			};
		};
		324DBD6F2C567E6D00FF4FA8 /* XCRemoteSwiftPackageReference "lottie-spm" */ = {
			isa = XCRemoteSwiftPackageReference;
			repositoryURL = "https://github.com/airbnb/lottie-spm.git";
			requirement = {
				kind = upToNextMajorVersion;
				minimumVersion = 4.5.0;
			};
		};
/* End XCRemoteSwiftPackageReference section */

/* Begin XCSwiftPackageProductDependency section */
		3220E3D02C46652300950860 /* Alamofire */ = {
			isa = XCSwiftPackageProductDependency;
			package = 3220E3CF2C46652300950860 /* XCRemoteSwiftPackageReference "Alamofire" */;
			productName = Alamofire;
		};
		324DBD702C567E6E00FF4FA8 /* Lottie */ = {
			isa = XCSwiftPackageProductDependency;
			package = 324DBD6F2C567E6D00FF4FA8 /* XCRemoteSwiftPackageReference "lottie-spm" */;
			productName = Lottie;
		};
/* End XCSwiftPackageProductDependency section */
	};
	rootObject = 32B448EB2C411C4C007B9651 /* Project object */;
}
